PODS:
  - Bolts (1.8.4):
    - Bolts/AppLinks (= 1.8.4)
    - Bolts/Tasks (= 1.8.4)
  - Bolts/AppLinks (1.8.4):
    - Bolts/Tasks
  - Bolts/Tasks (1.8.4)
  - FBSDKCoreKit (4.18.0):
    - Bolts (~> 1.7)
  - FBSDKLoginKit (4.18.0):
    - FBSDKCoreKit
  - FBSDKShareKit (4.18.0):
    - FBSDKCoreKit
  - IPaFBKit (1.0):
    - FBSDKCoreKit
    - FBSDKLoginKit
    - FBSDKShareKit

DEPENDENCIES:
  - IPaFBKit (from `../`)

EXTERNAL SOURCES:
  IPaFBKit:
    :path: "../"

SPEC CHECKSUMS:
  Bolts: 8a7995239dbe724f9cba2248b766d48b7ebdd322
  FBSDKCoreKit: 15fef8804a4629f98c6f4e55e81a76c9d725d85e
  FBSDKLoginKit: 6773073e970b2b15fb12e451ce7f11da0532b880
  FBSDKShareKit: 0b8d6cc3f103c75297eb3c62caec284a2ccf1b9e
  IPaFBKit: cc0da7b0555b3548de805d4aef9b0ed56e8582c8

PODFILE CHECKSUM: df19d31ef74ca3ff02cf9bcd008a239d3706d99a

COCOAPODS: 1.1.1
